
Microsoft Visual Studio Solution File, Format Version 12.00
# Visual Studio Version 17
VisualStudioVersion = 17.5.002.0
MinimumVisualStudioVersion = 10.0.40219.1
Project("{9A19103F-16F7-4668-BE54-9A1E7A4F7556}") = "LexBillServicesCrm", "LexBillServicesCrm\LexBillServicesCrm.csproj", "{13A61A3B-AB84-459C-B521-985B21A8D8A4}"
EndProject
Global
	GlobalSection(SolutionConfigurationPlatforms) = preSolution
		Debug|Any CPU = Debug|Any CPU
		Release|Any CPU = Release|Any CPU
	EndGlobalSection
	GlobalSection(ProjectConfigurationPlatforms) = postSolution
		{13A61A3B-AB84-459C-B521-985B21A8D8A4}.Debug|Any CPU.ActiveCfg = Debug|Any CPU
		{13A61A3B-AB84-459C-B521-985B21A8D8A4}.Debug|Any CPU.Build.0 = Debug|Any CPU
		{13A61A3B-AB84-459C-B521-985B21A8D8A4}.Release|Any CPU.ActiveCfg = Release|Any CPU
		{13A61A3B-AB84-459C-B521-985B21A8D8A4}.Release|Any CPU.Build.0 = Release|Any CPU
	EndGlobalSection
	GlobalSection(SolutionProperties) = preSolution
		HideSolutionNode = FALSE
	EndGlobalSection
	GlobalSection(ExtensibilityGlobals) = postSolution
		SolutionGuid = {1B84B618-B300-4518-971A-68B741E40082}
	EndGlobalSection
EndGlobal
